// !$*UTF8*$!
{
	archiveVersion = 1;
	classes = {
	};
	objectVersion = 50;
	objects = {

/* Begin PBXBuildFile section */
		53316DF425D9DE08008B105E /* AppDelegate.swift in Sources */ = {isa = PBXBuildFile; fileRef = 53316DF325D9DE08008B105E /* AppDelegate.swift */; };
		53316DF625D9DE08008B105E /* SceneDelegate.swift in Sources */ = {isa = PBXBuildFile; fileRef = 53316DF525D9DE08008B105E /* SceneDelegate.swift */; };
		53316DF825D9DE08008B105E /* ViewController.swift in Sources */ = {isa = PBXBuildFile; fileRef = 53316DF725D9DE08008B105E /* ViewController.swift */; };
		53316DFB25D9DE08008B105E /* Main.storyboard in Resources */ = {isa = PBXBuildFile; fileRef = 53316DF925D9DE08008B105E /* Main.storyboard */; };
		53316DFD25D9DE09008B105E /* Assets.xcassets in Resources */ = {isa = PBXBuildFile; fileRef = 53316DFC25D9DE09008B105E /* Assets.xcassets */; };
		53316E0025D9DE09008B105E /* LaunchScreen.storyboard in Resources */ = {isa = PBXBuildFile; fileRef = 53316DFE25D9DE09008B105E /* LaunchScreen.storyboard */; };
		53316E0B25D9DE09008B105E /* ValidationTestProjectTests.swift in Sources */ = {isa = PBXBuildFile; fileRef = 53316E0A25D9DE09008B105E /* ValidationTestProjectTests.swift */; };
		53316E2825D9E42C008B105E /* Validators.swift in Sources */ = {isa = PBXBuildFile; fileRef = 53316E2725D9E42C008B105E /* Validators.swift */; };
		53316E3325D9E614008B105E /* UITextField+Extensions.swift in Sources */ = {isa = PBXBuildFile; fileRef = 53316E3225D9E614008B105E /* UITextField+Extensions.swift */; };
/* End PBXBuildFile section */

/* Begin PBXContainerItemProxy section */
		53316E0725D9DE09008B105E /* PBXContainerItemProxy */ = {
			isa = PBXContainerItemProxy;
			containerPortal = 53316DE825D9DE08008B105E /* Project object */;
			proxyType = 1;
			remoteGlobalIDString = 53316DEF25D9DE08008B105E;
			remoteInfo = ValidationTestProject;
		};
/* End PBXContainerItemProxy section */

/* Begin PBXFileReference section */
		53316DF025D9DE08008B105E /* ValidationTestProject.app */ = {isa = PBXFileReference; explicitFileType = wrapper.application; includeInIndex = 0; path = ValidationTestProject.app; sourceTree = BUILT_PRODUCTS_DIR; };
		53316DF325D9DE08008B105E /* AppDelegate.swift */ = {isa = PBXFileReference; lastKnownFileType = sourcecode.swift; path = AppDelegate.swift; sourceTree = "<group>"; };
		53316DF525D9DE08008B105E /* SceneDelegate.swift */ = {isa = PBXFileReference; lastKnownFileType = sourcecode.swift; path = SceneDelegate.swift; sourceTree = "<group>"; };
		53316DF725D9DE08008B105E /* ViewController.swift */ = {isa = PBXFileReference; lastKnownFileType = sourcecode.swift; path = ViewController.swift; sourceTree = "<group>"; };
		53316DFA25D9DE08008B105E /* Base */ = {isa = PBXFileReference; lastKnownFileType = file.storyboard; name = Base; path = Base.lproj/Main.storyboard; sourceTree = "<group>"; };
		53316DFC25D9DE09008B105E /* Assets.xcassets */ = {isa = PBXFileReference; lastKnownFileType = folder.assetcatalog; path = Assets.xcassets; sourceTree = "<group>"; };
		53316DFF25D9DE09008B105E /* Base */ = {isa = PBXFileReference; lastKnownFileType = file.storyboard; name = Base; path = Base.lproj/LaunchScreen.storyboard; sourceTree = "<group>"; };
		53316E0125D9DE09008B105E /* Info.plist */ = {isa = PBXFileReference; lastKnownFileType = text.plist.xml; path = Info.plist; sourceTree = "<group>"; };
		53316E0625D9DE09008B105E /* ValidationTestProjectTests.xctest */ = {isa = PBXFileReference; explicitFileType = wrapper.cfbundle; includeInIndex = 0; path = ValidationTestProjectTests.xctest; sourceTree = BUILT_PRODUCTS_DIR; };
		53316E0A25D9DE09008B105E /* ValidationTestProjectTests.swift */ = {isa = PBXFileReference; lastKnownFileType = sourcecode.swift; path = ValidationTestProjectTests.swift; sourceTree = "<group>"; };
		53316E0C25D9DE09008B105E /* Info.plist */ = {isa = PBXFileReference; lastKnownFileType = text.plist.xml; path = Info.plist; sourceTree = "<group>"; };
		53316E2725D9E42C008B105E /* Validators.swift */ = {isa = PBXFileReference; lastKnownFileType = sourcecode.swift; path = Validators.swift; sourceTree = "<group>"; };
		53316E3225D9E614008B105E /* UITextField+Extensions.swift */ = {isa = PBXFileReference; lastKnownFileType = sourcecode.swift; path = "UITextField+Extensions.swift"; sourceTree = "<group>"; };
/* End PBXFileReference section */

/* Begin PBXFrameworksBuildPhase section */
		53316DED25D9DE08008B105E /* Frameworks */ = {
			isa = PBXFrameworksBuildPhase;
			buildActionMask = 2147483647;
			files = (
			);
			runOnlyForDeploymentPostprocessing = 0;
		};
		53316E0325D9DE09008B105E /* Frameworks */ = {
			isa = PBXFrameworksBuildPhase;
			buildActionMask = 2147483647;
			files = (
			);
			runOnlyForDeploymentPostprocessing = 0;
		};
/* End PBXFrameworksBuildPhase section */

/* Begin PBXGroup section */
		53316DE725D9DE08008B105E = {
			isa = PBXGroup;
			children = (
				53316DF225D9DE08008B105E /* ValidationTestProject */,
				53316E0925D9DE09008B105E /* ValidationTestProjectTests */,
				53316DF125D9DE08008B105E /* Products */,
			);
			sourceTree = "<group>";
		};
		53316DF125D9DE08008B105E /* Products */ = {
			isa = PBXGroup;
			children = (
				53316DF025D9DE08008B105E /* ValidationTestProject.app */,
				53316E0625D9DE09008B105E /* ValidationTestProjectTests.xctest */,
			);
			name = Products;
			sourceTree = "<group>";
		};
		53316DF225D9DE08008B105E /* ValidationTestProject */ = {
			isa = PBXGroup;
			children = (
				53316E3125D9E600008B105E /* Extensions */,
				53316E2625D9E41A008B105E /* Validation */,
				53316DF325D9DE08008B105E /* AppDelegate.swift */,
				53316DF525D9DE08008B105E /* SceneDelegate.swift */,
				53316DF725D9DE08008B105E /* ViewController.swift */,
				53316DF925D9DE08008B105E /* Main.storyboard */,
				53316DFC25D9DE09008B105E /* Assets.xcassets */,
				53316DFE25D9DE09008B105E /* LaunchScreen.storyboard */,
				53316E0125D9DE09008B105E /* Info.plist */,
			);
			path = ValidationTestProject;
			sourceTree = "<group>";
		};
		53316E0925D9DE09008B105E /* ValidationTestProjectTests */ = {
			isa = PBXGroup;
			children = (
				53316E0A25D9DE09008B105E /* ValidationTestProjectTests.swift */,
				53316E0C25D9DE09008B105E /* Info.plist */,
			);
			path = ValidationTestProjectTests;
			sourceTree = "<group>";
		};
		53316E2625D9E41A008B105E /* Validation */ = {
			isa = PBXGroup;
			children = (
				53316E2725D9E42C008B105E /* Validators.swift */,
			);
			path = Validation;
			sourceTree = "<group>";
		};
		53316E3125D9E600008B105E /* Extensions */ = {
			isa = PBXGroup;
			children = (
				53316E3225D9E614008B105E /* UITextField+Extensions.swift */,
			);
			path = Extensions;
			sourceTree = "<group>";
		};
/* End PBXGroup section */

/* Begin PBXNativeTarget section */
		53316DEF25D9DE08008B105E /* ValidationTestProject */ = {
			isa = PBXNativeTarget;
			buildConfigurationList = 53316E1A25D9DE09008B105E /* Build configuration list for PBXNativeTarget "ValidationTestProject" */;
			buildPhases = (
				53316DEC25D9DE08008B105E /* Sources */,
				53316DED25D9DE08008B105E /* Frameworks */,
				53316DEE25D9DE08008B105E /* Resources */,
			);
			buildRules = (
			);
			dependencies = (
			);
			name = ValidationTestProject;
			productName = ValidationTestProject;
			productReference = 53316DF025D9DE08008B105E /* ValidationTestProject.app */;
			productType = "com.apple.product-type.application";
		};
		53316E0525D9DE09008B105E /* ValidationTestProjectTests */ = {
			isa = PBXNativeTarget;
			buildConfigurationList = 53316E1D25D9DE09008B105E /* Build configuration list for PBXNativeTarget "ValidationTestProjectTests" */;
			buildPhases = (
				53316E0225D9DE09008B105E /* Sources */,
				53316E0325D9DE09008B105E /* Frameworks */,
				53316E0425D9DE09008B105E /* Resources */,
			);
			buildRules = (
			);
			dependencies = (
				53316E0825D9DE09008B105E /* PBXTargetDependency */,
			);
			name = ValidationTestProjectTests;
			productName = ValidationTestProjectTests;
			productReference = 53316E0625D9DE09008B105E /* ValidationTestProjectTests.xctest */;
			productType = "com.apple.product-type.bundle.unit-test";
		};
/* End PBXNativeTarget section */

/* Begin PBXProject section */
		53316DE825D9DE08008B105E /* Project object */ = {
			isa = PBXProject;
			attributes = {
				LastSwiftUpdateCheck = 1240;
				LastUpgradeCheck = 1240;
				TargetAttributes = {
					53316DEF25D9DE08008B105E = {
						CreatedOnToolsVersion = 12.4;
					};
					53316E0525D9DE09008B105E = {
						CreatedOnToolsVersion = 12.4;
						TestTargetID = 53316DEF25D9DE08008B105E;
					};
				};
			};
			buildConfigurationList = 53316DEB25D9DE08008B105E /* Build configuration list for PBXProject "ValidationTestProject" */;
			compatibilityVersion = "Xcode 9.3";
			developmentRegion = en;
			hasScannedForEncodings = 0;
			knownRegions = (
				en,
				Base,
			);
			mainGroup = 53316DE725D9DE08008B105E;
			productRefGroup = 53316DF125D9DE08008B105E /* Products */;
			projectDirPath = "";
			projectRoot = "";
			targets = (
				53316DEF25D9DE08008B105E /* ValidationTestProject */,
				53316E0525D9DE09008B105E /* ValidationTestProjectTests */,
			);
		};
/* End PBXProject section */

/* Begin PBXResourcesBuildPhase section */
		53316DEE25D9DE08008B105E /* Resources */ = {
			isa = PBXResourcesBuildPhase;
			buildActionMask = 2147483647;
			files = (
				53316E0025D9DE09008B105E /* LaunchScreen.storyboard in Resources */,
				53316DFD25D9DE09008B105E /* Assets.xcassets in Resources */,
				53316DFB25D9DE08008B105E /* Main.storyboard in Resources */,
			);
			runOnlyForDeploymentPostprocessing = 0;
		};
		53316E0425D9DE09008B105E /* Resources */ = {
			isa = PBXResourcesBuildPhase;
			buildActionMask = 2147483647;
			files = (
			);
			runOnlyForDeploymentPostprocessing = 0;
		};
/* End PBXResourcesBuildPhase section */

/* Begin PBXSourcesBuildPhase section */
		53316DEC25D9DE08008B105E /* Sources */ = {
			isa = PBXSourcesBuildPhase;
			buildActionMask = 2147483647;
			files = (
				53316E2825D9E42C008B105E /* Validators.swift in Sources */,
				53316DF825D9DE08008B105E /* ViewController.swift in Sources */,
				53316DF425D9DE08008B105E /* AppDelegate.swift in Sources */,
				53316E3325D9E614008B105E /* UITextField+Extensions.swift in Sources */,
				53316DF625D9DE08008B105E /* SceneDelegate.swift in Sources */,
			);
			runOnlyForDeploymentPostprocessing = 0;
		};
		53316E0225D9DE09008B105E /* Sources */ = {
			isa = PBXSourcesBuildPhase;
			buildActionMask = 2147483647;
			files = (
				53316E0B25D9DE09008B105E /* ValidationTestProjectTests.swift in Sources */,
			);
			runOnlyForDeploymentPostprocessing = 0;
		};
/* End PBXSourcesBuildPhase section */

/* Begin PBXTargetDependency section */
		53316E0825D9DE09008B105E /* PBXTargetDependency */ = {
			isa = PBXTargetDependency;
			target = 53316DEF25D9DE08008B105E /* ValidationTestProject */;
			targetProxy = 53316E0725D9DE09008B105E /* PBXContainerItemProxy */;
		};
/* End PBXTargetDependency section */

/* Begin PBXVariantGroup section */
		53316DF925D9DE08008B105E /* Main.storyboard */ = {
			isa = PBXVariantGroup;
			children = (
				53316DFA25D9DE08008B105E /* Base */,
			);
			name = Main.storyboard;
			sourceTree = "<group>";
		};
		53316DFE25D9DE09008B105E /* LaunchScreen.storyboard */ = {
			isa = PBXVariantGroup;
			children = (
				53316DFF25D9DE09008B105E /* Base */,
			);
			name = LaunchScreen.storyboard;
			sourceTree = "<group>";
		};
/* End PBXVariantGroup section */

/* Begin XCBuildConfiguration section */
		53316E1825D9DE09008B105E /* Debug */ = {
			isa = XCBuildConfiguration;
			buildSettings = {
				ALWAYS_SEARCH_USER_PATHS = NO;
				CLANG_ANALYZER_NONNULL = YES;
				CLANG_ANALYZER_NUMBER_OBJECT_CONVERSION = YES_AGGRESSIVE;
				CLANG_CXX_LANGUAGE_STANDARD = "gnu++14";
				CLANG_CXX_LIBRARY = "libc++";
				CLANG_ENABLE_MODULES = YES;
				CLANG_ENABLE_OBJC_ARC = YES;
				CLANG_ENABLE_OBJC_WEAK = YES;
				CLANG_WARN_BLOCK_CAPTURE_AUTORELEASING = YES;
				CLANG_WARN_BOOL_CONVERSION = YES;
				CLANG_WARN_COMMA = YES;
				CLANG_WARN_CONSTANT_CONVERSION = YES;
				CLANG_WARN_DEPRECATED_OBJC_IMPLEMENTATIONS = YES;
				CLANG_WARN_DIRECT_OBJC_ISA_USAGE = YES_ERROR;
				CLANG_WARN_DOCUMENTATION_COMMENTS = YES;
				CLANG_WARN_EMPTY_BODY = YES;
				CLANG_WARN_ENUM_CONVERSION = YES;
				CLANG_WARN_INFINITE_RECURSION = YES;
				CLANG_WARN_INT_CONVERSION = YES;
				CLANG_WARN_NON_LITERAL_NULL_CONVERSION = YES;
				CLANG_WARN_OBJC_IMPLICIT_RETAIN_SELF = YES;
				CLANG_WARN_OBJC_LITERAL_CONVERSION = YES;
				CLANG_WARN_OBJC_ROOT_CLASS = YES_ERROR;
				CLANG_WARN_QUOTED_INCLUDE_IN_FRAMEWORK_HEADER = YES;
				CLANG_WARN_RANGE_LOOP_ANALYSIS = YES;
				CLANG_WARN_STRICT_PROTOTYPES = YES;
				CLANG_WARN_SUSPICIOUS_MOVE = YES;
				CLANG_WARN_UNGUARDED_AVAILABILITY = YES_AGGRESSIVE;
				CLANG_WARN_UNREACHABLE_CODE = YES;
				CLANG_WARN__DUPLICATE_METHOD_MATCH = YES;
				COPY_PHASE_STRIP = NO;
				DEBUG_INFORMATION_FORMAT = dwarf;
				ENABLE_STRICT_OBJC_MSGSEND = YES;
				ENABLE_TESTABILITY = YES;
				GCC_C_LANGUAGE_STANDARD = gnu11;
				GCC_DYNAMIC_NO_PIC = NO;
				GCC_NO_COMMON_BLOCKS = YES;
				GCC_OPTIMIZATION_LEVEL = 0;
				GCC_PREPROCESSOR_DEFINITIONS = (
					"DEBUG=1",
					"$(inherited)",
				);
				GCC_WARN_64_TO_32_BIT_CONVERSION = YES;
				GCC_WARN_ABOUT_RETURN_TYPE = YES_ERROR;
				GCC_WARN_UNDECLARED_SELECTOR = YES;
				GCC_WARN_UNINITIALIZED_AUTOS = YES_AGGRESSIVE;
				GCC_WARN_UNUSED_FUNCTION = YES;
				GCC_WARN_UNUSED_VARIABLE = YES;
				IPHONEOS_DEPLOYMENT_TARGET = 14.4;
				MTL_ENABLE_DEBUG_INFO = INCLUDE_SOURCE;
				MTL_FAST_MATH = YES;
				ONLY_ACTIVE_ARCH = YES;
				SDKROOT = iphoneos;
				SWIFT_ACTIVE_COMPILATION_CONDITIONS = DEBUG;
				SWIFT_OPTIMIZATION_LEVEL = "-Onone";
			};
			name = Debug;
		};
		53316E1925D9DE09008B105E /* Release */ = {
			isa = XCBuildConfiguration;
			buildSettings = {
				ALWAYS_SEARCH_USER_PATHS = NO;
				CLANG_ANALYZER_NONNULL = YES;
				CLANG_ANALYZER_NUMBER_OBJECT_CONVERSION = YES_AGGRESSIVE;
				CLANG_CXX_LANGUAGE_STANDARD = "gnu++14";
				CLANG_CXX_LIBRARY = "libc++";
				CLANG_ENABLE_MODULES = YES;
				CLANG_ENABLE_OBJC_ARC = YES;
				CLANG_ENABLE_OBJC_WEAK = YES;
				CLANG_WARN_BLOCK_CAPTURE_AUTORELEASING = YES;
				CLANG_WARN_BOOL_CONVERSION = YES;
				CLANG_WARN_COMMA = YES;
				CLANG_WARN_CONSTANT_CONVERSION = YES;
				CLANG_WARN_DEPRECATED_OBJC_IMPLEMENTATIONS = YES;
				CLANG_WARN_DIRECT_OBJC_ISA_USAGE = YES_ERROR;
				CLANG_WARN_DOCUMENTATION_COMMENTS = YES;
				CLANG_WARN_EMPTY_BODY = YES;
				CLANG_WARN_ENUM_CONVERSION = YES;
				CLANG_WARN_INFINITE_RECURSION = YES;
				CLANG_WARN_INT_CONVERSION = YES;
				CLANG_WARN_NON_LITERAL_NULL_CONVERSION = YES;
				CLANG_WARN_OBJC_IMPLICIT_RETAIN_SELF = YES;
				CLANG_WARN_OBJC_LITERAL_CONVERSION = YES;
				CLANG_WARN_OBJC_ROOT_CLASS = YES_ERROR;
				CLANG_WARN_QUOTED_INCLUDE_IN_FRAMEWORK_HEADER = YES;
				CLANG_WARN_RANGE_LOOP_ANALYSIS = YES;
				CLANG_WARN_STRICT_PROTOTYPES = YES;
				CLANG_WARN_SUSPICIOUS_MOVE = YES;
				CLANG_WARN_UNGUARDED_AVAILABILITY = YES_AGGRESSIVE;
				CLANG_WARN_UNREACHABLE_CODE = YES;
				CLANG_WARN__DUPLICATE_METHOD_MATCH = YES;
				COPY_PHASE_STRIP = NO;
				DEBUG_INFORMATION_FORMAT = "dwarf-with-dsym";
				ENABLE_NS_ASSERTIONS = NO;
				ENABLE_STRICT_OBJC_MSGSEND = YES;
				GCC_C_LANGUAGE_STANDARD = gnu11;
				GCC_NO_COMMON_BLOCKS = YES;
				GCC_WARN_64_TO_32_BIT_CONVERSION = YES;
				GCC_WARN_ABOUT_RETURN_TYPE = YES_ERROR;
				GCC_WARN_UNDECLARED_SELECTOR = YES;
				GCC_WARN_UNINITIALIZED_AUTOS = YES_AGGRESSIVE;
				GCC_WARN_UNUSED_FUNCTION = YES;
				GCC_WARN_UNUSED_VARIABLE = YES;
				IPHONEOS_DEPLOYMENT_TARGET = 14.4;
				MTL_ENABLE_DEBUG_INFO = NO;
				MTL_FAST_MATH = YES;
				SDKROOT = iphoneos;
				SWIFT_COMPILATION_MODE = wholemodule;
				SWIFT_OPTIMIZATION_LEVEL = "-O";
				VALIDATE_PRODUCT = YES;
			};
			name = Release;
		};
		53316E1B25D9DE09008B105E /* Debug */ = {
			isa = XCBuildConfiguration;
			buildSettings = {
				ASSETCATALOG_COMPILER_APPICON_NAME = AppIcon;
				ASSETCATALOG_COMPILER_GLOBAL_ACCENT_COLOR_NAME = AccentColor;
				CODE_SIGN_STYLE = Automatic;
				DEVELOPMENT_TEAM = 3J3JBKX646;
				INFOPLIST_FILE = ValidationTestProject/Info.plist;
				LD_RUNPATH_SEARCH_PATHS = (
					"$(inherited)",
					"@executable_path/Frameworks",
				);
				PRODUCT_BUNDLE_IDENTIFIER = AG.ValidationTestProject;
				PRODUCT_NAME = "$(TARGET_NAME)";
				SWIFT_VERSION = 5.0;
				TARGETED_DEVICE_FAMILY = "1,2";
			};
			name = Debug;
		};
		53316E1C25D9DE09008B105E /* Release */ = {
			isa = XCBuildConfiguration;
			buildSettings = {
				ASSETCATALOG_COMPILER_APPICON_NAME = AppIcon;
				ASSETCATALOG_COMPILER_GLOBAL_ACCENT_COLOR_NAME = AccentColor;
				CODE_SIGN_STYLE = Automatic;
				DEVELOPMENT_TEAM = 3J3JBKX646;
				INFOPLIST_FILE = ValidationTestProject/Info.plist;
				LD_RUNPATH_SEARCH_PATHS = (
					"$(inherited)",
					"@executable_path/Frameworks",
				);
				PRODUCT_BUNDLE_IDENTIFIER = AG.ValidationTestProject;
				PRODUCT_NAME = "$(TARGET_NAME)";
				SWIFT_VERSION = 5.0;
				TARGETED_DEVICE_FAMILY = "1,2";
			};
			name = Release;
		};
		53316E1E25D9DE09008B105E /* Debug */ = {
			isa = XCBuildConfiguration;
			buildSettings = {
				ALWAYS_EMBED_SWIFT_STANDARD_LIBRARIES = YES;
				BUNDLE_LOADER = "$(TEST_HOST)";
				CODE_SIGN_STYLE = Automatic;
				DEVELOPMENT_TEAM = 3J3JBKX646;
				INFOPLIST_FILE = ValidationTestProjectTests/Info.plist;
				IPHONEOS_DEPLOYMENT_TARGET = 14.4;
				LD_RUNPATH_SEARCH_PATHS = (
					"$(inherited)",
					"@executable_path/Frameworks",
					"@loader_path/Frameworks",
				);
				PRODUCT_BUNDLE_IDENTIFIER = AG.ValidationTestProjectTests;
				PRODUCT_NAME = "$(TARGET_NAME)";
				SWIFT_VERSION = 5.0;
				TARGETED_DEVICE_FAMILY = "1,2";
				TEST_HOST = "$(BUILT_PRODUCTS_DIR)/ValidationTestProject.app/ValidationTestProject";
			};
			name = Debug;
		};
		53316E1F25D9DE09008B105E /* Release */ = {
			isa = XCBuildConfiguration;
			buildSettings = {
				ALWAYS_EMBED_SWIFT_STANDARD_LIBRARIES = YES;
				BUNDLE_LOADER = "$(TEST_HOST)";
				CODE_SIGN_STYLE = Automatic;
				DEVELOPMENT_TEAM = 3J3JBKX646;
				INFOPLIST_FILE = ValidationTestProjectTests/Info.plist;
				IPHONEOS_DEPLOYMENT_TARGET = 14.4;
				LD_RUNPATH_SEARCH_PATHS = (
					"$(inherited)",
					"@executable_path/Frameworks",
					"@loader_path/Frameworks",
				);
				PRODUCT_BUNDLE_IDENTIFIER = AG.ValidationTestProjectTests;
				PRODUCT_NAME = "$(TARGET_NAME)";
				SWIFT_VERSION = 5.0;
				TARGETED_DEVICE_FAMILY = "1,2";
				TEST_HOST = "$(BUILT_PRODUCTS_DIR)/ValidationTestProject.app/ValidationTestProject";
			};
			name = Release;
		};
/* End XCBuildConfiguration section */

/* Begin XCConfigurationList section */
		53316DEB25D9DE08008B105E /* Build configuration list for PBXProject "ValidationTestProject" */ = {
			isa = XCConfigurationList;
			buildConfigurations = (
				53316E1825D9DE09008B105E /* Debug */,
				53316E1925D9DE09008B105E /* Release */,
			);
			defaultConfigurationIsVisible = 0;
			defaultConfigurationName = Release;
		};
		53316E1A25D9DE09008B105E /* Build configuration list for PBXNativeTarget "ValidationTestProject" */ = {
			isa = XCConfigurationList;
			buildConfigurations = (
				53316E1B25D9DE09008B105E /* Debug */,
				53316E1C25D9DE09008B105E /* Release */,
			);
			defaultConfigurationIsVisible = 0;
			defaultConfigurationName = Release;
		};
		53316E1D25D9DE09008B105E /* Build configuration list for PBXNativeTarget "ValidationTestProjectTests" */ = {
			isa = XCConfigurationList;
			buildConfigurations = (
				53316E1E25D9DE09008B105E /* Debug */,
				53316E1F25D9DE09008B105E /* Release */,
			);
			defaultConfigurationIsVisible = 0;
			defaultConfigurationName = Release;
		};
/* End XCConfigurationList section */
	};
	rootObject = 53316DE825D9DE08008B105E /* Project object */;
}
